
Microsoft Visual Studio Solution File, Format Version 12.00
# Visual Studio Version 17
VisualStudioVersion = 17.11.35327.3
MinimumVisualStudioVersion = 10.0.40219.1
Project("{FAE04EC0-301F-11D3-BF4B-00C04F79EFBC}") = "CustomJsonConverter", "CustomJsonConverter\CustomJsonConverter.csproj", "{C2592B7A-8A45-4747-8725-F2E03E8476FA}"
EndProject
Global
	GlobalSection(SolutionConfigurationPlatforms) = preSolution
		Debug|Any CPU = Debug|Any CPU
		Release|Any CPU = Release|Any CPU
	EndGlobalSection
	GlobalSection(ProjectConfigurationPlatforms) = postSolution
		{C2592B7A-8A45-4747-8725-F2E03E8476FA}.Debug|Any CPU.ActiveCfg = Debug|Any CPU
		{C2592B7A-8A45-4747-8725-F2E03E8476FA}.Debug|Any CPU.Build.0 = Debug|Any CPU
		{C2592B7A-8A45-4747-8725-F2E03E8476FA}.Release|Any CPU.ActiveCfg = Release|Any CPU
		{C2592B7A-8A45-4747-8725-F2E03E8476FA}.Release|Any CPU.Build.0 = Release|Any CPU
	EndGlobalSection
	GlobalSection(SolutionProperties) = preSolution
		HideSolutionNode = FALSE
	EndGlobalSection
	GlobalSection(ExtensibilityGlobals) = postSolution
		SolutionGuid = {B46196F5-19C7-4183-A9EF-11B6BCEF832C}
	EndGlobalSection
EndGlobal
